
Microsoft Visual Studio Solution File, Format Version 12.00
# Visual Studio 15
VisualStudioVersion = 15.0.28010.2026
MinimumVisualStudioVersion = 10.0.40219.1
Project("{FAE04EC0-301F-11D3-BF4B-00C04F79EFBC}") = "Api", "Api\Api.csproj", "{C69F6A0E-A663-40CC-899E-235B66FF16E2}"
EndProject
Project("{FAE04EC0-301F-11D3-BF4B-00C04F79EFBC}") = "Context", "Context\Context.csproj", "{47E805B9-8EDE-4ED9-A3F5-1EDD9EF8DBFA}"
EndProject
Project("{FAE04EC0-301F-11D3-BF4B-00C04F79EFBC}") = "Model", "Model\Model.csproj", "{21059006-9A3D-44F1-A414-835FB7B4B97C}"
EndProject
Project("{FAE04EC0-301F-11D3-BF4B-00C04F79EFBC}") = "Web", "Web\Web.csproj", "{4BA56DF8-938F-475C-BF9B-4BC28E68FC72}"
EndProject
Project("{FAE04EC0-301F-11D3-BF4B-00C04F79EFBC}") = "VideoEngine", "VideoEngine\VideoEngine.csproj", "{46E0D899-B5B0-47D3-BDF9-92E3DE253815}"
EndProject
Global
	GlobalSection(SolutionConfigurationPlatforms) = preSolution
		Debug|Any CPU = Debug|Any CPU
		Release|Any CPU = Release|Any CPU
	EndGlobalSection
	GlobalSection(ProjectConfigurationPlatforms) = postSolution
		{C69F6A0E-A663-40CC-899E-235B66FF16E2}.Debug|Any CPU.ActiveCfg = Debug|Any CPU
		{C69F6A0E-A663-40CC-899E-235B66FF16E2}.Debug|Any CPU.Build.0 = Debug|Any CPU
		{C69F6A0E-A663-40CC-899E-235B66FF16E2}.Release|Any CPU.ActiveCfg = Release|Any CPU
		{C69F6A0E-A663-40CC-899E-235B66FF16E2}.Release|Any CPU.Build.0 = Release|Any CPU
		{47E805B9-8EDE-4ED9-A3F5-1EDD9EF8DBFA}.Debug|Any CPU.ActiveCfg = Debug|Any CPU
		{47E805B9-8EDE-4ED9-A3F5-1EDD9EF8DBFA}.Debug|Any CPU.Build.0 = Debug|Any CPU
		{47E805B9-8EDE-4ED9-A3F5-1EDD9EF8DBFA}.Release|Any CPU.ActiveCfg = Release|Any CPU
		{47E805B9-8EDE-4ED9-A3F5-1EDD9EF8DBFA}.Release|Any CPU.Build.0 = Release|Any CPU
		{21059006-9A3D-44F1-A414-835FB7B4B97C}.Debug|Any CPU.ActiveCfg = Debug|Any CPU
		{21059006-9A3D-44F1-A414-835FB7B4B97C}.Debug|Any CPU.Build.0 = Debug|Any CPU
		{21059006-9A3D-44F1-A414-835FB7B4B97C}.Release|Any CPU.ActiveCfg = Release|Any CPU
		{21059006-9A3D-44F1-A414-835FB7B4B97C}.Release|Any CPU.Build.0 = Release|Any CPU
		{4BA56DF8-938F-475C-BF9B-4BC28E68FC72}.Debug|Any CPU.ActiveCfg = Debug|Any CPU
		{4BA56DF8-938F-475C-BF9B-4BC28E68FC72}.Debug|Any CPU.Build.0 = Debug|Any CPU
		{4BA56DF8-938F-475C-BF9B-4BC28E68FC72}.Release|Any CPU.ActiveCfg = Release|Any CPU
		{4BA56DF8-938F-475C-BF9B-4BC28E68FC72}.Release|Any CPU.Build.0 = Release|Any CPU
		{46E0D899-B5B0-47D3-BDF9-92E3DE253815}.Debug|Any CPU.ActiveCfg = Debug|Any CPU
		{46E0D899-B5B0-47D3-BDF9-92E3DE253815}.Debug|Any CPU.Build.0 = Debug|Any CPU
		{46E0D899-B5B0-47D3-BDF9-92E3DE253815}.Release|Any CPU.ActiveCfg = Release|Any CPU
		{46E0D899-B5B0-47D3-BDF9-92E3DE253815}.Release|Any CPU.Build.0 = Release|Any CPU
	EndGlobalSection
	GlobalSection(SolutionProperties) = preSolution
		HideSolutionNode = FALSE
	EndGlobalSection
	GlobalSection(ExtensibilityGlobals) = postSolution
		SolutionGuid = {6243880D-4636-4FBD-BB30-55B357A7AC08}
	EndGlobalSection
EndGlobal
